// !$*UTF8*$!
{
	archiveVersion = 1;
	classes = {
	};
	objectVersion = 50;
	objects = {

/* Begin PBXBuildFile section */
		D522CF2A25355FCC0051DFFB /* AppDelegate.swift in Sources */ = {isa = PBXBuildFile; fileRef = D522CF2925355FCC0051DFFB /* AppDelegate.swift */; };
		D522CF2C25355FCC0051DFFB /* SceneDelegate.swift in Sources */ = {isa = PBXBuildFile; fileRef = D522CF2B25355FCC0051DFFB /* SceneDelegate.swift */; };
		D522CF2E25355FCC0051DFFB /* MemoryGameView.swift in Sources */ = {isa = PBXBuildFile; fileRef = D522CF2D25355FCC0051DFFB /* MemoryGameView.swift */; };
		D522CF3025355FD00051DFFB /* Assets.xcassets in Resources */ = {isa = PBXBuildFile; fileRef = D522CF2F25355FD00051DFFB /* Assets.xcassets */; };
		D522CF3325355FD00051DFFB /* Preview Assets.xcassets in Resources */ = {isa = PBXBuildFile; fileRef = D522CF3225355FD00051DFFB /* Preview Assets.xcassets */; };
		D522CF3625355FD00051DFFB /* LaunchScreen.storyboard in Resources */ = {isa = PBXBuildFile; fileRef = D522CF3425355FD00051DFFB /* LaunchScreen.storyboard */; };
		D522CF3E253562C40051DFFB /* MemoryGameModel.swift in Sources */ = {isa = PBXBuildFile; fileRef = D522CF3D253562C40051DFFB /* MemoryGameModel.swift */; };
		D522CF40253565C20051DFFB /* EmojiMemoryGameViewModel.swift in Sources */ = {isa = PBXBuildFile; fileRef = D522CF3F253565C20051DFFB /* EmojiMemoryGameViewModel.swift */; };
		D522CF422536B1840051DFFB /* Array+Identifiable.swift in Sources */ = {isa = PBXBuildFile; fileRef = D522CF412536B1840051DFFB /* Array+Identifiable.swift */; };
		D522CF442536B9980051DFFB /* GridView.swift in Sources */ = {isa = PBXBuildFile; fileRef = D522CF432536B9980051DFFB /* GridView.swift */; };
		D522CF462536BB4E0051DFFB /* GridLayout.swift in Sources */ = {isa = PBXBuildFile; fileRef = D522CF452536BB4E0051DFFB /* GridLayout.swift */; };
		D5EF920E253C595300707914 /* PieView.swift in Sources */ = {isa = PBXBuildFile; fileRef = D5EF920D253C595300707914 /* PieView.swift */; };
		D5EF9210253C5C2300707914 /* Cardify.swift in Sources */ = {isa = PBXBuildFile; fileRef = D5EF920F253C5C2300707914 /* Cardify.swift */; };
/* End PBXBuildFile section */

/* Begin PBXFileReference section */
		D522CF2625355FCC0051DFFB /* MemorizeGame.app */ = {isa = PBXFileReference; explicitFileType = wrapper.application; includeInIndex = 0; path = MemorizeGame.app; sourceTree = BUILT_PRODUCTS_DIR; };
		D522CF2925355FCC0051DFFB /* AppDelegate.swift */ = {isa = PBXFileReference; lastKnownFileType = sourcecode.swift; path = AppDelegate.swift; sourceTree = "<group>"; };
		D522CF2B25355FCC0051DFFB /* SceneDelegate.swift */ = {isa = PBXFileReference; lastKnownFileType = sourcecode.swift; path = SceneDelegate.swift; sourceTree = "<group>"; };
		D522CF2D25355FCC0051DFFB /* MemoryGameView.swift */ = {isa = PBXFileReference; lastKnownFileType = sourcecode.swift; path = MemoryGameView.swift; sourceTree = "<group>"; };
		D522CF2F25355FD00051DFFB /* Assets.xcassets */ = {isa = PBXFileReference; lastKnownFileType = folder.assetcatalog; path = Assets.xcassets; sourceTree = "<group>"; };
		D522CF3225355FD00051DFFB /* Preview Assets.xcassets */ = {isa = PBXFileReference; lastKnownFileType = folder.assetcatalog; path = "Preview Assets.xcassets"; sourceTree = "<group>"; };
		D522CF3525355FD00051DFFB /* Base */ = {isa = PBXFileReference; lastKnownFileType = file.storyboard; name = Base; path = Base.lproj/LaunchScreen.storyboard; sourceTree = "<group>"; };
		D522CF3725355FD00051DFFB /* Info.plist */ = {isa = PBXFileReference; lastKnownFileType = text.plist.xml; path = Info.plist; sourceTree = "<group>"; };
		D522CF3D253562C40051DFFB /* MemoryGameModel.swift */ = {isa = PBXFileReference; lastKnownFileType = sourcecode.swift; path = MemoryGameModel.swift; sourceTree = "<group>"; };
		D522CF3F253565C20051DFFB /* EmojiMemoryGameViewModel.swift */ = {isa = PBXFileReference; lastKnownFileType = sourcecode.swift; path = EmojiMemoryGameViewModel.swift; sourceTree = "<group>"; };
		D522CF412536B1840051DFFB /* Array+Identifiable.swift */ = {isa = PBXFileReference; lastKnownFileType = sourcecode.swift; path = "Array+Identifiable.swift"; sourceTree = "<group>"; };
		D522CF432536B9980051DFFB /* GridView.swift */ = {isa = PBXFileReference; lastKnownFileType = sourcecode.swift; path = GridView.swift; sourceTree = "<group>"; };
		D522CF452536BB4E0051DFFB /* GridLayout.swift */ = {isa = PBXFileReference; fileEncoding = 4; lastKnownFileType = sourcecode.swift; path = GridLayout.swift; sourceTree = "<group>"; };
		D5EF920D253C595300707914 /* PieView.swift */ = {isa = PBXFileReference; lastKnownFileType = sourcecode.swift; path = PieView.swift; sourceTree = "<group>"; };
		D5EF920F253C5C2300707914 /* Cardify.swift */ = {isa = PBXFileReference; lastKnownFileType = sourcecode.swift; path = Cardify.swift; sourceTree = "<group>"; };
/* End PBXFileReference section */

/* Begin PBXFrameworksBuildPhase section */
		D522CF2325355FCC0051DFFB /* Frameworks */ = {
			isa = PBXFrameworksBuildPhase;
			buildActionMask = 2147483647;
			files = (
			);
			runOnlyForDeploymentPostprocessing = 0;
		};
/* End PBXFrameworksBuildPhase section */

/* Begin PBXGroup section */
		D522CF1D25355FCC0051DFFB = {
			isa = PBXGroup;
			children = (
				D522CF2825355FCC0051DFFB /* MemorizeGame */,
				D522CF2725355FCC0051DFFB /* Products */,
			);
			sourceTree = "<group>";
		};
		D522CF2725355FCC0051DFFB /* Products */ = {
			isa = PBXGroup;
			children = (
				D522CF2625355FCC0051DFFB /* MemorizeGame.app */,
			);
			name = Products;
			sourceTree = "<group>";
		};
		D522CF2825355FCC0051DFFB /* MemorizeGame */ = {
			isa = PBXGroup;
			children = (
				D55B18BD25517AB700F0A30E /* Source */,
				D55B18BB25517A7400F0A30E /* SupportingFiles */,
				D55B18BC25517A9100F0A30E /* Resources */,
				D522CF3125355FD00051DFFB /* Preview Content */,
			);
			path = MemorizeGame;
			sourceTree = "<group>";
		};
		D522CF3125355FD00051DFFB /* Preview Content */ = {
			isa = PBXGroup;
			children = (
				D522CF3225355FD00051DFFB /* Preview Assets.xcassets */,
			);
			path = "Preview Content";
			sourceTree = "<group>";
		};
		D55B18BB25517A7400F0A30E /* SupportingFiles */ = {
			isa = PBXGroup;
			children = (
				D522CF3725355FD00051DFFB /* Info.plist */,
				D522CF2B25355FCC0051DFFB /* SceneDelegate.swift */,
				D522CF2925355FCC0051DFFB /* AppDelegate.swift */,
			);
			path = SupportingFiles;
			sourceTree = "<group>";
		};
		D55B18BC25517A9100F0A30E /* Resources */ = {
			isa = PBXGroup;
			children = (
				D522CF3425355FD00051DFFB /* LaunchScreen.storyboard */,
				D522CF2F25355FD00051DFFB /* Assets.xcassets */,
			);
			path = Resources;
			sourceTree = "<group>";
		};
		D55B18BD25517AB700F0A30E /* Source */ = {
			isa = PBXGroup;
			children = (
				D522CF452536BB4E0051DFFB /* GridLayout.swift */,
				D55B18C125517B4700F0A30E /* Models */,
				D55B18BE25517AC400F0A30E /* Extensions */,
				D55B18BF25517AF200F0A30E /* Views */,
				D55B18C225517BC400F0A30E /* ViewModifiers */,
			);
			path = Source;
			sourceTree = "<group>";
		};
		D55B18BE25517AC400F0A30E /* Extensions */ = {
			isa = PBXGroup;
			children = (
				D522CF412536B1840051DFFB /* Array+Identifiable.swift */,
			);
			path = Extensions;
			sourceTree = "<group>";
		};
		D55B18BF25517AF200F0A30E /* Views */ = {
			isa = PBXGroup;
			children = (
				D55B18C025517B0F00F0A30E /* GameView */,
				D522CF432536B9980051DFFB /* GridView.swift */,
				D5EF920D253C595300707914 /* PieView.swift */,
			);
			path = Views;
			sourceTree = "<group>";
		};
		D55B18C025517B0F00F0A30E /* GameView */ = {
			isa = PBXGroup;
			children = (
				D522CF3F253565C20051DFFB /* EmojiMemoryGameViewModel.swift */,
				D522CF2D25355FCC0051DFFB /* MemoryGameView.swift */,
			);
			path = GameView;
			sourceTree = "<group>";
		};
		D55B18C125517B4700F0A30E /* Models */ = {
			isa = PBXGroup;
			children = (
				D522CF3D253562C40051DFFB /* MemoryGameModel.swift */,
			);
			path = Models;
			sourceTree = "<group>";
		};
		D55B18C225517BC400F0A30E /* ViewModifiers */ = {
			isa = PBXGroup;
			children = (
				D5EF920F253C5C2300707914 /* Cardify.swift */,
			);
			path = ViewModifiers;
			sourceTree = "<group>";
		};
/* End PBXGroup section */

/* Begin PBXNativeTarget section */
		D522CF2525355FCC0051DFFB /* MemorizeGame */ = {
			isa = PBXNativeTarget;
			buildConfigurationList = D522CF3A25355FD00051DFFB /* Build configuration list for PBXNativeTarget "MemorizeGame" */;
			buildPhases = (
				D522CF2225355FCC0051DFFB /* Sources */,
				D522CF2325355FCC0051DFFB /* Frameworks */,
				D522CF2425355FCC0051DFFB /* Resources */,
			);
			buildRules = (
			);
			dependencies = (
			);
			name = MemorizeGame;
			productName = MemorizeGame;
			productReference = D522CF2625355FCC0051DFFB /* MemorizeGame.app */;
			productType = "com.apple.product-type.application";
		};
/* End PBXNativeTarget section */

/* Begin PBXProject section */
		D522CF1E25355FCC0051DFFB /* Project object */ = {
			isa = PBXProject;
			attributes = {
				LastSwiftUpdateCheck = 1160;
				LastUpgradeCheck = 1160;
				ORGANIZATIONNAME = Mobiquity;
				TargetAttributes = {
					D522CF2525355FCC0051DFFB = {
						CreatedOnToolsVersion = 11.6;
					};
				};
			};
			buildConfigurationList = D522CF2125355FCC0051DFFB /* Build configuration list for PBXProject "MemorizeGame" */;
			compatibilityVersion = "Xcode 9.3";
			developmentRegion = en;
			hasScannedForEncodings = 0;
			knownRegions = (
				en,
				Base,
			);
			mainGroup = D522CF1D25355FCC0051DFFB;
			productRefGroup = D522CF2725355FCC0051DFFB /* Products */;
			projectDirPath = "";
			projectRoot = "";
			targets = (
				D522CF2525355FCC0051DFFB /* MemorizeGame */,
			);
		};
/* End PBXProject section */

/* Begin PBXResourcesBuildPhase section */
		D522CF2425355FCC0051DFFB /* Resources */ = {
			isa = PBXResourcesBuildPhase;
			buildActionMask = 2147483647;
			files = (
				D522CF3625355FD00051DFFB /* LaunchScreen.storyboard in Resources */,
				D522CF3325355FD00051DFFB /* Preview Assets.xcassets in Resources */,
				D522CF3025355FD00051DFFB /* Assets.xcassets in Resources */,
			);
			runOnlyForDeploymentPostprocessing = 0;
		};
/* End PBXResourcesBuildPhase section */

/* Begin PBXSourcesBuildPhase section */
		D522CF2225355FCC0051DFFB /* Sources */ = {
			isa = PBXSourcesBuildPhase;
			buildActionMask = 2147483647;
			files = (
				D522CF3E253562C40051DFFB /* MemoryGameModel.swift in Sources */,
				D522CF2A25355FCC0051DFFB /* AppDelegate.swift in Sources */,
				D522CF2C25355FCC0051DFFB /* SceneDelegate.swift in Sources */,
				D522CF442536B9980051DFFB /* GridView.swift in Sources */,
				D522CF2E25355FCC0051DFFB /* MemoryGameView.swift in Sources */,
				D5EF920E253C595300707914 /* PieView.swift in Sources */,
				D522CF40253565C20051DFFB /* EmojiMemoryGameViewModel.swift in Sources */,
				D522CF422536B1840051DFFB /* Array+Identifiable.swift in Sources */,
				D5EF9210253C5C2300707914 /* Cardify.swift in Sources */,
				D522CF462536BB4E0051DFFB /* GridLayout.swift in Sources */,
			);
			runOnlyForDeploymentPostprocessing = 0;
		};
/* End PBXSourcesBuildPhase section */

/* Begin PBXVariantGroup section */
		D522CF3425355FD00051DFFB /* LaunchScreen.storyboard */ = {
			isa = PBXVariantGroup;
			children = (
				D522CF3525355FD00051DFFB /* Base */,
			);
			name = LaunchScreen.storyboard;
			sourceTree = "<group>";
		};
/* End PBXVariantGroup section */

/* Begin XCBuildConfiguration section */
		D522CF3825355FD00051DFFB /* Debug */ = {
			isa = XCBuildConfiguration;
			buildSettings = {
				ALWAYS_SEARCH_USER_PATHS = NO;
				CLANG_ANALYZER_NONNULL = YES;
				CLANG_ANALYZER_NUMBER_OBJECT_CONVERSION = YES_AGGRESSIVE;
				CLANG_CXX_LANGUAGE_STANDARD = "gnu++14";
				CLANG_CXX_LIBRARY = "libc++";
				CLANG_ENABLE_MODULES = YES;
				CLANG_ENABLE_OBJC_ARC = YES;
				CLANG_ENABLE_OBJC_WEAK = YES;
				CLANG_WARN_BLOCK_CAPTURE_AUTORELEASING = YES;
				CLANG_WARN_BOOL_CONVERSION = YES;
				CLANG_WARN_COMMA = YES;
				CLANG_WARN_CONSTANT_CONVERSION = YES;
				CLANG_WARN_DEPRECATED_OBJC_IMPLEMENTATIONS = YES;
				CLANG_WARN_DIRECT_OBJC_ISA_USAGE = YES_ERROR;
				CLANG_WARN_DOCUMENTATION_COMMENTS = YES;
				CLANG_WARN_EMPTY_BODY = YES;
				CLANG_WARN_ENUM_CONVERSION = YES;
				CLANG_WARN_INFINITE_RECURSION = YES;
				CLANG_WARN_INT_CONVERSION = YES;
				CLANG_WARN_NON_LITERAL_NULL_CONVERSION = YES;
				CLANG_WARN_OBJC_IMPLICIT_RETAIN_SELF = YES;
				CLANG_WARN_OBJC_LITERAL_CONVERSION = YES;
				CLANG_WARN_OBJC_ROOT_CLASS = YES_ERROR;
				CLANG_WARN_RANGE_LOOP_ANALYSIS = YES;
				CLANG_WARN_STRICT_PROTOTYPES = YES;
				CLANG_WARN_SUSPICIOUS_MOVE = YES;
				CLANG_WARN_UNGUARDED_AVAILABILITY = YES_AGGRESSIVE;
				CLANG_WARN_UNREACHABLE_CODE = YES;
				CLANG_WARN__DUPLICATE_METHOD_MATCH = YES;
				COPY_PHASE_STRIP = NO;
				DEBUG_INFORMATION_FORMAT = dwarf;
				ENABLE_STRICT_OBJC_MSGSEND = YES;
				ENABLE_TESTABILITY = YES;
				GCC_C_LANGUAGE_STANDARD = gnu11;
				GCC_DYNAMIC_NO_PIC = NO;
				GCC_NO_COMMON_BLOCKS = YES;
				GCC_OPTIMIZATION_LEVEL = 0;
				GCC_PREPROCESSOR_DEFINITIONS = (
					"DEBUG=1",
					"$(inherited)",
				);
				GCC_WARN_64_TO_32_BIT_CONVERSION = YES;
				GCC_WARN_ABOUT_RETURN_TYPE = YES_ERROR;
				GCC_WARN_UNDECLARED_SELECTOR = YES;
				GCC_WARN_UNINITIALIZED_AUTOS = YES_AGGRESSIVE;
				GCC_WARN_UNUSED_FUNCTION = YES;
				GCC_WARN_UNUSED_VARIABLE = YES;
				IPHONEOS_DEPLOYMENT_TARGET = 13.6;
				MTL_ENABLE_DEBUG_INFO = INCLUDE_SOURCE;
				MTL_FAST_MATH = YES;
				ONLY_ACTIVE_ARCH = YES;
				SDKROOT = iphoneos;
				SWIFT_ACTIVE_COMPILATION_CONDITIONS = DEBUG;
				SWIFT_OPTIMIZATION_LEVEL = "-Onone";
			};
			name = Debug;
		};
		D522CF3925355FD00051DFFB /* Release */ = {
			isa = XCBuildConfiguration;
			buildSettings = {
				ALWAYS_SEARCH_USER_PATHS = NO;
				CLANG_ANALYZER_NONNULL = YES;
				CLANG_ANALYZER_NUMBER_OBJECT_CONVERSION = YES_AGGRESSIVE;
				CLANG_CXX_LANGUAGE_STANDARD = "gnu++14";
				CLANG_CXX_LIBRARY = "libc++";
				CLANG_ENABLE_MODULES = YES;
				CLANG_ENABLE_OBJC_ARC = YES;
				CLANG_ENABLE_OBJC_WEAK = YES;
				CLANG_WARN_BLOCK_CAPTURE_AUTORELEASING = YES;
				CLANG_WARN_BOOL_CONVERSION = YES;
				CLANG_WARN_COMMA = YES;
				CLANG_WARN_CONSTANT_CONVERSION = YES;
				CLANG_WARN_DEPRECATED_OBJC_IMPLEMENTATIONS = YES;
				CLANG_WARN_DIRECT_OBJC_ISA_USAGE = YES_ERROR;
				CLANG_WARN_DOCUMENTATION_COMMENTS = YES;
				CLANG_WARN_EMPTY_BODY = YES;
				CLANG_WARN_ENUM_CONVERSION = YES;
				CLANG_WARN_INFINITE_RECURSION = YES;
				CLANG_WARN_INT_CONVERSION = YES;
				CLANG_WARN_NON_LITERAL_NULL_CONVERSION = YES;
				CLANG_WARN_OBJC_IMPLICIT_RETAIN_SELF = YES;
				CLANG_WARN_OBJC_LITERAL_CONVERSION = YES;
				CLANG_WARN_OBJC_ROOT_CLASS = YES_ERROR;
				CLANG_WARN_RANGE_LOOP_ANALYSIS = YES;
				CLANG_WARN_STRICT_PROTOTYPES = YES;
				CLANG_WARN_SUSPICIOUS_MOVE = YES;
				CLANG_WARN_UNGUARDED_AVAILABILITY = YES_AGGRESSIVE;
				CLANG_WARN_UNREACHABLE_CODE = YES;
				CLANG_WARN__DUPLICATE_METHOD_MATCH = YES;
				COPY_PHASE_STRIP = NO;
				DEBUG_INFORMATION_FORMAT = "dwarf-with-dsym";
				ENABLE_NS_ASSERTIONS = NO;
				ENABLE_STRICT_OBJC_MSGSEND = YES;
				GCC_C_LANGUAGE_STANDARD = gnu11;
				GCC_NO_COMMON_BLOCKS = YES;
				GCC_WARN_64_TO_32_BIT_CONVERSION = YES;
				GCC_WARN_ABOUT_RETURN_TYPE = YES_ERROR;
				GCC_WARN_UNDECLARED_SELECTOR = YES;
				GCC_WARN_UNINITIALIZED_AUTOS = YES_AGGRESSIVE;
				GCC_WARN_UNUSED_FUNCTION = YES;
				GCC_WARN_UNUSED_VARIABLE = YES;
				IPHONEOS_DEPLOYMENT_TARGET = 13.6;
				MTL_ENABLE_DEBUG_INFO = NO;
				MTL_FAST_MATH = YES;
				SDKROOT = iphoneos;
				SWIFT_COMPILATION_MODE = wholemodule;
				SWIFT_OPTIMIZATION_LEVEL = "-O";
				VALIDATE_PRODUCT = YES;
			};
			name = Release;
		};
		D522CF3B25355FD00051DFFB /* Debug */ = {
			isa = XCBuildConfiguration;
			buildSettings = {
				ASSETCATALOG_COMPILER_APPICON_NAME = AppIcon;
				CODE_SIGN_STYLE = Automatic;
				DEVELOPMENT_ASSET_PATHS = "\"MemorizeGame/Preview Content\"";
				ENABLE_PREVIEWS = YES;
				INFOPLIST_FILE = MemorizeGame/SupportingFiles/Info.plist;
				LD_RUNPATH_SEARCH_PATHS = (
					"$(inherited)",
					"@executable_path/Frameworks",
				);
				PRODUCT_BUNDLE_IDENTIFIER = com.mobiquity.MemorizeGame;
				PRODUCT_NAME = "$(TARGET_NAME)";
				SWIFT_VERSION = 5.0;
				TARGETED_DEVICE_FAMILY = "1,2";
			};
			name = Debug;
		};
		D522CF3C25355FD00051DFFB /* Release */ = {
			isa = XCBuildConfiguration;
			buildSettings = {
				ASSETCATALOG_COMPILER_APPICON_NAME = AppIcon;
				CODE_SIGN_STYLE = Automatic;
				DEVELOPMENT_ASSET_PATHS = "\"MemorizeGame/Preview Content\"";
				ENABLE_PREVIEWS = YES;
				INFOPLIST_FILE = MemorizeGame/SupportingFiles/Info.plist;
				LD_RUNPATH_SEARCH_PATHS = (
					"$(inherited)",
					"@executable_path/Frameworks",
				);
				PRODUCT_BUNDLE_IDENTIFIER = com.mobiquity.MemorizeGame;
				PRODUCT_NAME = "$(TARGET_NAME)";
				SWIFT_VERSION = 5.0;
				TARGETED_DEVICE_FAMILY = "1,2";
			};
			name = Release;
		};
/* End XCBuildConfiguration section */

/* Begin XCConfigurationList section */
		D522CF2125355FCC0051DFFB /* Build configuration list for PBXProject "MemorizeGame" */ = {
			isa = XCConfigurationList;
			buildConfigurations = (
				D522CF3825355FD00051DFFB /* Debug */,
				D522CF3925355FD00051DFFB /* Release */,
			);
			defaultConfigurationIsVisible = 0;
			defaultConfigurationName = Release;
		};
		D522CF3A25355FD00051DFFB /* Build configuration list for PBXNativeTarget "MemorizeGame" */ = {
			isa = XCConfigurationList;
			buildConfigurations = (
				D522CF3B25355FD00051DFFB /* Debug */,
				D522CF3C25355FD00051DFFB /* Release */,
			);
			defaultConfigurationIsVisible = 0;
			defaultConfigurationName = Release;
		};
/* End XCConfigurationList section */
	};
	rootObject = D522CF1E25355FCC0051DFFB /* Project object */;
}
